github.com/gopacket/gopacket v1.3.0 h1:MouZCc+ej0vnqzB0WeiaO/6+tGvb+KU7UczxoQ+X0Yc=
github.com/gopacket/gopacket v1.3.0/go.mod h1:WnFrU1Xkf5lWKV38uKNR9+yYtppn+ZYzOyNqMeH4oNE=
golang.org/x/sys v0.25.0 h1:r+8e+loiHxRqhXVl6ML1nO3l1+oFoWbnlu2Ehimmi34=
golang.org/x/sys v0.25.0/go.mod h1:/VUhepiaJMQUp4+oa/7Zr1D23ma6VTLIYjOOTFZPUcA=
